
Microsoft Visual Studio Solution File, Format Version 12.00
# Visual Studio 2013
VisualStudioVersion = 12.0.30501.0
MinimumVisualStudioVersion = 10.0.40219.1
Project("{FAE04EC0-301F-11D3-BF4B-00C04F79EFBC}") = "Team8_ADProjectLUStationerySystem", "Team8_ADProjectLUStationerySystem\Team8_ADProjectLUStationerySystem.csproj", "{26C6DD80-F77E-4D96-9809-ED5D5204F8C4}"
EndProject
Project("{E24C65DC-7377-472B-9ABA-BC803B73C61A}") = "WCF", "http://localhost/WCF", "{5C0BB8AF-99F0-4562-A64A-0D91294E9946}"
	ProjectSection(WebsiteProperties) = preProject
		UseIISExpress = "false"
		TargetFrameworkMoniker = ".NETFramework,Version%3Dv4.5"
		ProjectReferences = "{26c6dd80-f77e-4d96-9809-ed5d5204f8c4}|Team8_ADProjectLUStationerySystem.dll;"
		Debug.AspNetCompiler.VirtualPath = "/WCF"
		Debug.AspNetCompiler.PhysicalPath = "C:\inetpub\wwwroot\WCF\"
		Debug.AspNetCompiler.TargetPath = "PrecompiledWeb\WCF\"
		Debug.AspNetCompiler.Updateable = "true"
		Debug.AspNetCompiler.ForceOverwrite = "true"
		Debug.AspNetCompiler.FixedNames = "false"
		Debug.AspNetCompiler.Debug = "True"
		Release.AspNetCompiler.VirtualPath = "/WCF"
		Release.AspNetCompiler.PhysicalPath = "C:\inetpub\wwwroot\WCF\"
		Release.AspNetCompiler.TargetPath = "PrecompiledWeb\WCF\"
		Release.AspNetCompiler.Updateable = "true"
		Release.AspNetCompiler.ForceOverwrite = "true"
		Release.AspNetCompiler.FixedNames = "false"
		Release.AspNetCompiler.Debug = "False"
		SlnRelativePath = "C:\inetpub\wwwroot\WCF\"
		DefaultWebSiteLanguage = "Visual C#"
	EndProjectSection
EndProject
Global
	GlobalSection(SolutionConfigurationPlatforms) = preSolution
		Debug|Any CPU = Debug|Any CPU
		Release|Any CPU = Release|Any CPU
	EndGlobalSection
	GlobalSection(ProjectConfigurationPlatforms) = postSolution
		{26C6DD80-F77E-4D96-9809-ED5D5204F8C4}.Debug|Any CPU.ActiveCfg = Debug|Any CPU
		{26C6DD80-F77E-4D96-9809-ED5D5204F8C4}.Debug|Any CPU.Build.0 = Debug|Any CPU
		{26C6DD80-F77E-4D96-9809-ED5D5204F8C4}.Release|Any CPU.ActiveCfg = Release|Any CPU
		{26C6DD80-F77E-4D96-9809-ED5D5204F8C4}.Release|Any CPU.Build.0 = Release|Any CPU
		{5C0BB8AF-99F0-4562-A64A-0D91294E9946}.Debug|Any CPU.ActiveCfg = Debug|Any CPU
		{5C0BB8AF-99F0-4562-A64A-0D91294E9946}.Debug|Any CPU.Build.0 = Debug|Any CPU
		{5C0BB8AF-99F0-4562-A64A-0D91294E9946}.Release|Any CPU.ActiveCfg = Debug|Any CPU
		{5C0BB8AF-99F0-4562-A64A-0D91294E9946}.Release|Any CPU.Build.0 = Debug|Any CPU
	EndGlobalSection
	GlobalSection(SolutionProperties) = preSolution
		HideSolutionNode = FALSE
	EndGlobalSection
EndGlobal
